
Microsoft Visual Studio Solution File, Format Version 12.00
# Visual Studio 15
VisualStudioVersion = 15.0.26730.16
MinimumVisualStudioVersion = 10.0.40219.1
Project("{FAE04EC0-301F-11D3-BF4B-00C04F79EFBC}") = "PeselWal", "PeselWalidator\PeselWal.csproj", "{D616823C-2F4D-42C1-949F-50161388FE6C}"
EndProject
Project("{FAE04EC0-301F-11D3-BF4B-00C04F79EFBC}") = "PeselWalidatorTest", "PeselWalidatorTest\PeselWalidatorTest.csproj", "{BBA86B1F-1DE2-4337-B205-90FD49708088}"
EndProject
Global
	GlobalSection(SolutionConfigurationPlatforms) = preSolution
		Debug|Any CPU = Debug|Any CPU
		Release|Any CPU = Release|Any CPU
	EndGlobalSection
	GlobalSection(ProjectConfigurationPlatforms) = postSolution
		{D616823C-2F4D-42C1-949F-50161388FE6C}.Debug|Any CPU.ActiveCfg = Debug|Any CPU
		{D616823C-2F4D-42C1-949F-50161388FE6C}.Debug|Any CPU.Build.0 = Debug|Any CPU
		{D616823C-2F4D-42C1-949F-50161388FE6C}.Release|Any CPU.ActiveCfg = Release|Any CPU
		{D616823C-2F4D-42C1-949F-50161388FE6C}.Release|Any CPU.Build.0 = Release|Any CPU
		{BBA86B1F-1DE2-4337-B205-90FD49708088}.Debug|Any CPU.ActiveCfg = Debug|Any CPU
		{BBA86B1F-1DE2-4337-B205-90FD49708088}.Debug|Any CPU.Build.0 = Debug|Any CPU
		{BBA86B1F-1DE2-4337-B205-90FD49708088}.Release|Any CPU.ActiveCfg = Release|Any CPU
		{BBA86B1F-1DE2-4337-B205-90FD49708088}.Release|Any CPU.Build.0 = Release|Any CPU
	EndGlobalSection
	GlobalSection(SolutionProperties) = preSolution
		HideSolutionNode = FALSE
	EndGlobalSection
	GlobalSection(ExtensibilityGlobals) = postSolution
		SolutionGuid = {AD09BEDD-F202-484E-8EFB-DA7AA5876AB9}
	EndGlobalSection
EndGlobal
